
Microsoft Visual Studio Solution File, Format Version 12.00
# Visual Studio Version 16
VisualStudioVersion = 16.0.30413.136
MinimumVisualStudioVersion = 10.0.40219.1
Project("{9A19103F-16F7-4668-BE54-9A1E7A4F7556}") = "FunctionApp", "FunctionApp.csproj", "{E78B8EEE-A2BB-4CAE-83A1-3F7495D154A1}"
EndProject
Project("{9A19103F-16F7-4668-BE54-9A1E7A4F7556}") = "xroadsProcesses", "..\xroadsProcesses\xroadsProcesses.csproj", "{D93E67B7-8685-4498-BAAC-9EC323CC293D}"
EndProject
Global
	GlobalSection(SolutionConfigurationPlatforms) = preSolution
		Debug|Any CPU = Debug|Any CPU
		Release|Any CPU = Release|Any CPU
	EndGlobalSection
	GlobalSection(ProjectConfigurationPlatforms) = postSolution
		{E78B8EEE-A2BB-4CAE-83A1-3F7495D154A1}.Debug|Any CPU.ActiveCfg = Debug|Any CPU
		{E78B8EEE-A2BB-4CAE-83A1-3F7495D154A1}.Debug|Any CPU.Build.0 = Debug|Any CPU
		{E78B8EEE-A2BB-4CAE-83A1-3F7495D154A1}.Release|Any CPU.ActiveCfg = Release|Any CPU
		{E78B8EEE-A2BB-4CAE-83A1-3F7495D154A1}.Release|Any CPU.Build.0 = Release|Any CPU
		{D93E67B7-8685-4498-BAAC-9EC323CC293D}.Debug|Any CPU.ActiveCfg = Debug|Any CPU
		{D93E67B7-8685-4498-BAAC-9EC323CC293D}.Debug|Any CPU.Build.0 = Debug|Any CPU
		{D93E67B7-8685-4498-BAAC-9EC323CC293D}.Release|Any CPU.ActiveCfg = Release|Any CPU
		{D93E67B7-8685-4498-BAAC-9EC323CC293D}.Release|Any CPU.Build.0 = Release|Any CPU
	EndGlobalSection
	GlobalSection(SolutionProperties) = preSolution
		HideSolutionNode = FALSE
	EndGlobalSection
	GlobalSection(ExtensibilityGlobals) = postSolution
		SolutionGuid = {1A5226E4-892A-495F-B5C5-DDFDEC86475F}
	EndGlobalSection
EndGlobal
